// !$*UTF8*$!
{
	archiveVersion = 1;
	classes = {
	};
	objectVersion = 50;
	objects = {

/* Begin PBXBuildFile section */
		D5F9033F2501F3AD0090BAE4 /* AppDelegate.swift in Sources */ = {isa = PBXBuildFile; fileRef = D5F9033E2501F3AD0090BAE4 /* AppDelegate.swift */; };
		D5F903412501F3AD0090BAE4 /* SceneDelegate.swift in Sources */ = {isa = PBXBuildFile; fileRef = D5F903402501F3AD0090BAE4 /* SceneDelegate.swift */; };
		D5F903432501F3AD0090BAE4 /* ViewController.swift in Sources */ = {isa = PBXBuildFile; fileRef = D5F903422501F3AD0090BAE4 /* ViewController.swift */; };
		D5F903462501F3AD0090BAE4 /* Main.storyboard in Resources */ = {isa = PBXBuildFile; fileRef = D5F903442501F3AD0090BAE4 /* Main.storyboard */; };
		D5F903482501F3B00090BAE4 /* Assets.xcassets in Resources */ = {isa = PBXBuildFile; fileRef = D5F903472501F3B00090BAE4 /* Assets.xcassets */; };
		D5F9034B2501F3B00090BAE4 /* LaunchScreen.storyboard in Resources */ = {isa = PBXBuildFile; fileRef = D5F903492501F3B00090BAE4 /* LaunchScreen.storyboard */; };
		D5F903562501F3B00090BAE4 /* PasswordHackerTests.swift in Sources */ = {isa = PBXBuildFile; fileRef = D5F903552501F3B00090BAE4 /* PasswordHackerTests.swift */; };
		D5F903612501F3B00090BAE4 /* PasswordHackerUITests.swift in Sources */ = {isa = PBXBuildFile; fileRef = D5F903602501F3B00090BAE4 /* PasswordHackerUITests.swift */; };
/* End PBXBuildFile section */

/* Begin PBXContainerItemProxy section */
		D5F903522501F3B00090BAE4 /* PBXContainerItemProxy */ = {
			isa = PBXContainerItemProxy;
			containerPortal = D5F903332501F3AD0090BAE4 /* Project object */;
			proxyType = 1;
			remoteGlobalIDString = D5F9033A2501F3AD0090BAE4;
			remoteInfo = PasswordHacker;
		};
		D5F9035D2501F3B00090BAE4 /* PBXContainerItemProxy */ = {
			isa = PBXContainerItemProxy;
			containerPortal = D5F903332501F3AD0090BAE4 /* Project object */;
			proxyType = 1;
			remoteGlobalIDString = D5F9033A2501F3AD0090BAE4;
			remoteInfo = PasswordHacker;
		};
/* End PBXContainerItemProxy section */

/* Begin PBXFileReference section */
		D5F9033B2501F3AD0090BAE4 /* PasswordHacker.app */ = {isa = PBXFileReference; explicitFileType = wrapper.application; includeInIndex = 0; path = PasswordHacker.app; sourceTree = BUILT_PRODUCTS_DIR; };
		D5F9033E2501F3AD0090BAE4 /* AppDelegate.swift */ = {isa = PBXFileReference; lastKnownFileType = sourcecode.swift; path = AppDelegate.swift; sourceTree = "<group>"; };
		D5F903402501F3AD0090BAE4 /* SceneDelegate.swift */ = {isa = PBXFileReference; lastKnownFileType = sourcecode.swift; path = SceneDelegate.swift; sourceTree = "<group>"; };
		D5F903422501F3AD0090BAE4 /* ViewController.swift */ = {isa = PBXFileReference; lastKnownFileType = sourcecode.swift; path = ViewController.swift; sourceTree = "<group>"; };
		D5F903452501F3AD0090BAE4 /* Base */ = {isa = PBXFileReference; lastKnownFileType = file.storyboard; name = Base; path = Base.lproj/Main.storyboard; sourceTree = "<group>"; };
		D5F903472501F3B00090BAE4 /* Assets.xcassets */ = {isa = PBXFileReference; lastKnownFileType = folder.assetcatalog; path = Assets.xcassets; sourceTree = "<group>"; };
		D5F9034A2501F3B00090BAE4 /* Base */ = {isa = PBXFileReference; lastKnownFileType = file.storyboard; name = Base; path = Base.lproj/LaunchScreen.storyboard; sourceTree = "<group>"; };
		D5F9034C2501F3B00090BAE4 /* Info.plist */ = {isa = PBXFileReference; lastKnownFileType = text.plist.xml; path = Info.plist; sourceTree = "<group>"; };
		D5F903512501F3B00090BAE4 /* PasswordHackerTests.xctest */ = {isa = PBXFileReference; explicitFileType = wrapper.cfbundle; includeInIndex = 0; path = PasswordHackerTests.xctest; sourceTree = BUILT_PRODUCTS_DIR; };
		D5F903552501F3B00090BAE4 /* PasswordHackerTests.swift */ = {isa = PBXFileReference; lastKnownFileType = sourcecode.swift; path = PasswordHackerTests.swift; sourceTree = "<group>"; };
		D5F903572501F3B00090BAE4 /* Info.plist */ = {isa = PBXFileReference; lastKnownFileType = text.plist.xml; path = Info.plist; sourceTree = "<group>"; };
		D5F9035C2501F3B00090BAE4 /* PasswordHackerUITests.xctest */ = {isa = PBXFileReference; explicitFileType = wrapper.cfbundle; includeInIndex = 0; path = PasswordHackerUITests.xctest; sourceTree = BUILT_PRODUCTS_DIR; };
		D5F903602501F3B00090BAE4 /* PasswordHackerUITests.swift */ = {isa = PBXFileReference; lastKnownFileType = sourcecode.swift; path = PasswordHackerUITests.swift; sourceTree = "<group>"; };
		D5F903622501F3B00090BAE4 /* Info.plist */ = {isa = PBXFileReference; lastKnownFileType = text.plist.xml; path = Info.plist; sourceTree = "<group>"; };
/* End PBXFileReference section */

/* Begin PBXFrameworksBuildPhase section */
		D5F903382501F3AD0090BAE4 /* Frameworks */ = {
			isa = PBXFrameworksBuildPhase;
			buildActionMask = 2147483647;
			files = (
			);
			runOnlyForDeploymentPostprocessing = 0;
		};
		D5F9034E2501F3B00090BAE4 /* Frameworks */ = {
			isa = PBXFrameworksBuildPhase;
			buildActionMask = 2147483647;
			files = (
			);
			runOnlyForDeploymentPostprocessing = 0;
		};
		D5F903592501F3B00090BAE4 /* Frameworks */ = {
			isa = PBXFrameworksBuildPhase;
			buildActionMask = 2147483647;
			files = (
			);
			runOnlyForDeploymentPostprocessing = 0;
		};
/* End PBXFrameworksBuildPhase section */

/* Begin PBXGroup section */
		D5F903322501F3AD0090BAE4 = {
			isa = PBXGroup;
			children = (
				D5F9033D2501F3AD0090BAE4 /* PasswordHacker */,
				D5F903542501F3B00090BAE4 /* PasswordHackerTests */,
				D5F9035F2501F3B00090BAE4 /* PasswordHackerUITests */,
				D5F9033C2501F3AD0090BAE4 /* Products */,
			);
			sourceTree = "<group>";
		};
		D5F9033C2501F3AD0090BAE4 /* Products */ = {
			isa = PBXGroup;
			children = (
				D5F9033B2501F3AD0090BAE4 /* PasswordHacker.app */,
				D5F903512501F3B00090BAE4 /* PasswordHackerTests.xctest */,
				D5F9035C2501F3B00090BAE4 /* PasswordHackerUITests.xctest */,
			);
			name = Products;
			sourceTree = "<group>";
		};
		D5F9033D2501F3AD0090BAE4 /* PasswordHacker */ = {
			isa = PBXGroup;
			children = (
				D5F9033E2501F3AD0090BAE4 /* AppDelegate.swift */,
				D5F903402501F3AD0090BAE4 /* SceneDelegate.swift */,
				D5F903422501F3AD0090BAE4 /* ViewController.swift */,
				D5F903442501F3AD0090BAE4 /* Main.storyboard */,
				D5F903472501F3B00090BAE4 /* Assets.xcassets */,
				D5F903492501F3B00090BAE4 /* LaunchScreen.storyboard */,
				D5F9034C2501F3B00090BAE4 /* Info.plist */,
			);
			path = PasswordHacker;
			sourceTree = "<group>";
		};
		D5F903542501F3B00090BAE4 /* PasswordHackerTests */ = {
			isa = PBXGroup;
			children = (
				D5F903552501F3B00090BAE4 /* PasswordHackerTests.swift */,
				D5F903572501F3B00090BAE4 /* Info.plist */,
			);
			path = PasswordHackerTests;
			sourceTree = "<group>";
		};
		D5F9035F2501F3B00090BAE4 /* PasswordHackerUITests */ = {
			isa = PBXGroup;
			children = (
				D5F903602501F3B00090BAE4 /* PasswordHackerUITests.swift */,
				D5F903622501F3B00090BAE4 /* Info.plist */,
			);
			path = PasswordHackerUITests;
			sourceTree = "<group>";
		};
/* End PBXGroup section */

/* Begin PBXNativeTarget section */
		D5F9033A2501F3AD0090BAE4 /* PasswordHacker */ = {
			isa = PBXNativeTarget;
			buildConfigurationList = D5F903652501F3B00090BAE4 /* Build configuration list for PBXNativeTarget "PasswordHacker" */;
			buildPhases = (
				D5F903372501F3AD0090BAE4 /* Sources */,
				D5F903382501F3AD0090BAE4 /* Frameworks */,
				D5F903392501F3AD0090BAE4 /* Resources */,
			);
			buildRules = (
			);
			dependencies = (
			);
			name = PasswordHacker;
			productName = PasswordHacker;
			productReference = D5F9033B2501F3AD0090BAE4 /* PasswordHacker.app */;
			productType = "com.apple.product-type.application";
		};
		D5F903502501F3B00090BAE4 /* PasswordHackerTests */ = {
			isa = PBXNativeTarget;
			buildConfigurationList = D5F903682501F3B00090BAE4 /* Build configuration list for PBXNativeTarget "PasswordHackerTests" */;
			buildPhases = (
				D5F9034D2501F3B00090BAE4 /* Sources */,
				D5F9034E2501F3B00090BAE4 /* Frameworks */,
				D5F9034F2501F3B00090BAE4 /* Resources */,
			);
			buildRules = (
			);
			dependencies = (
				D5F903532501F3B00090BAE4 /* PBXTargetDependency */,
			);
			name = PasswordHackerTests;
			productName = PasswordHackerTests;
			productReference = D5F903512501F3B00090BAE4 /* PasswordHackerTests.xctest */;
			productType = "com.apple.product-type.bundle.unit-test";
		};
		D5F9035B2501F3B00090BAE4 /* PasswordHackerUITests */ = {
			isa = PBXNativeTarget;
			buildConfigurationList = D5F9036B2501F3B10090BAE4 /* Build configuration list for PBXNativeTarget "PasswordHackerUITests" */;
			buildPhases = (
				D5F903582501F3B00090BAE4 /* Sources */,
				D5F903592501F3B00090BAE4 /* Frameworks */,
				D5F9035A2501F3B00090BAE4 /* Resources */,
			);
			buildRules = (
			);
			dependencies = (
				D5F9035E2501F3B00090BAE4 /* PBXTargetDependency */,
			);
			name = PasswordHackerUITests;
			productName = PasswordHackerUITests;
			productReference = D5F9035C2501F3B00090BAE4 /* PasswordHackerUITests.xctest */;
			productType = "com.apple.product-type.bundle.ui-testing";
		};
/* End PBXNativeTarget section */

/* Begin PBXProject section */
		D5F903332501F3AD0090BAE4 /* Project object */ = {
			isa = PBXProject;
			attributes = {
				LastSwiftUpdateCheck = 1160;
				LastUpgradeCheck = 1160;
				ORGANIZATIONNAME = "Shinya ";
				TargetAttributes = {
					D5F9033A2501F3AD0090BAE4 = {
						CreatedOnToolsVersion = 11.6;
					};
					D5F903502501F3B00090BAE4 = {
						CreatedOnToolsVersion = 11.6;
						TestTargetID = D5F9033A2501F3AD0090BAE4;
					};
					D5F9035B2501F3B00090BAE4 = {
						CreatedOnToolsVersion = 11.6;
						TestTargetID = D5F9033A2501F3AD0090BAE4;
					};
				};
			};
			buildConfigurationList = D5F903362501F3AD0090BAE4 /* Build configuration list for PBXProject "PasswordHacker" */;
			compatibilityVersion = "Xcode 9.3";
			developmentRegion = en;
			hasScannedForEncodings = 0;
			knownRegions = (
				en,
				Base,
			);
			mainGroup = D5F903322501F3AD0090BAE4;
			productRefGroup = D5F9033C2501F3AD0090BAE4 /* Products */;
			projectDirPath = "";
			projectRoot = "";
			targets = (
				D5F9033A2501F3AD0090BAE4 /* PasswordHacker */,
				D5F903502501F3B00090BAE4 /* PasswordHackerTests */,
				D5F9035B2501F3B00090BAE4 /* PasswordHackerUITests */,
			);
		};
/* End PBXProject section */

/* Begin PBXResourcesBuildPhase section */
		D5F903392501F3AD0090BAE4 /* Resources */ = {
			isa = PBXResourcesBuildPhase;
			buildActionMask = 2147483647;
			files = (
				D5F9034B2501F3B00090BAE4 /* LaunchScreen.storyboard in Resources */,
				D5F903482501F3B00090BAE4 /* Assets.xcassets in Resources */,
				D5F903462501F3AD0090BAE4 /* Main.storyboard in Resources */,
			);
			runOnlyForDeploymentPostprocessing = 0;
		};
		D5F9034F2501F3B00090BAE4 /* Resources */ = {
			isa = PBXResourcesBuildPhase;
			buildActionMask = 2147483647;
			files = (
			);
			runOnlyForDeploymentPostprocessing = 0;
		};
		D5F9035A2501F3B00090BAE4 /* Resources */ = {
			isa = PBXResourcesBuildPhase;
			buildActionMask = 2147483647;
			files = (
			);
			runOnlyForDeploymentPostprocessing = 0;
		};
/* End PBXResourcesBuildPhase section */

/* Begin PBXSourcesBuildPhase section */
		D5F903372501F3AD0090BAE4 /* Sources */ = {
			isa = PBXSourcesBuildPhase;
			buildActionMask = 2147483647;
			files = (
				D5F903432501F3AD0090BAE4 /* ViewController.swift in Sources */,
				D5F9033F2501F3AD0090BAE4 /* AppDelegate.swift in Sources */,
				D5F903412501F3AD0090BAE4 /* SceneDelegate.swift in Sources */,
			);
			runOnlyForDeploymentPostprocessing = 0;
		};
		D5F9034D2501F3B00090BAE4 /* Sources */ = {
			isa = PBXSourcesBuildPhase;
			buildActionMask = 2147483647;
			files = (
				D5F903562501F3B00090BAE4 /* PasswordHackerTests.swift in Sources */,
			);
			runOnlyForDeploymentPostprocessing = 0;
		};
		D5F903582501F3B00090BAE4 /* Sources */ = {
			isa = PBXSourcesBuildPhase;
			buildActionMask = 2147483647;
			files = (
				D5F903612501F3B00090BAE4 /* PasswordHackerUITests.swift in Sources */,
			);
			runOnlyForDeploymentPostprocessing = 0;
		};
/* End PBXSourcesBuildPhase section */

/* Begin PBXTargetDependency section */
		D5F903532501F3B00090BAE4 /* PBXTargetDependency */ = {
			isa = PBXTargetDependency;
			target = D5F9033A2501F3AD0090BAE4 /* PasswordHacker */;
			targetProxy = D5F903522501F3B00090BAE4 /* PBXContainerItemProxy */;
		};
		D5F9035E2501F3B00090BAE4 /* PBXTargetDependency */ = {
			isa = PBXTargetDependency;
			target = D5F9033A2501F3AD0090BAE4 /* PasswordHacker */;
			targetProxy = D5F9035D2501F3B00090BAE4 /* PBXContainerItemProxy */;
		};
/* End PBXTargetDependency section */

/* Begin PBXVariantGroup section */
		D5F903442501F3AD0090BAE4 /* Main.storyboard */ = {
			isa = PBXVariantGroup;
			children = (
				D5F903452501F3AD0090BAE4 /* Base */,
			);
			name = Main.storyboard;
			sourceTree = "<group>";
		};
		D5F903492501F3B00090BAE4 /* LaunchScreen.storyboard */ = {
			isa = PBXVariantGroup;
			children = (
				D5F9034A2501F3B00090BAE4 /* Base */,
			);
			name = LaunchScreen.storyboard;
			sourceTree = "<group>";
		};
/* End PBXVariantGroup section */

/* Begin XCBuildConfiguration section */
		D5F903632501F3B00090BAE4 /* Debug */ = {
			isa = XCBuildConfiguration;
			buildSettings = {
				ALWAYS_SEARCH_USER_PATHS = NO;
				CLANG_ANALYZER_NONNULL = YES;
				CLANG_ANALYZER_NUMBER_OBJECT_CONVERSION = YES_AGGRESSIVE;
				CLANG_CXX_LANGUAGE_STANDARD = "gnu++14";
				CLANG_CXX_LIBRARY = "libc++";
				CLANG_ENABLE_MODULES = YES;
				CLANG_ENABLE_OBJC_ARC = YES;
				CLANG_ENABLE_OBJC_WEAK = YES;
				CLANG_WARN_BLOCK_CAPTURE_AUTORELEASING = YES;
				CLANG_WARN_BOOL_CONVERSION = YES;
				CLANG_WARN_COMMA = YES;
				CLANG_WARN_CONSTANT_CONVERSION = YES;
				CLANG_WARN_DEPRECATED_OBJC_IMPLEMENTATIONS = YES;
				CLANG_WARN_DIRECT_OBJC_ISA_USAGE = YES_ERROR;
				CLANG_WARN_DOCUMENTATION_COMMENTS = YES;
				CLANG_WARN_EMPTY_BODY = YES;
				CLANG_WARN_ENUM_CONVERSION = YES;
				CLANG_WARN_INFINITE_RECURSION = YES;
				CLANG_WARN_INT_CONVERSION = YES;
				CLANG_WARN_NON_LITERAL_NULL_CONVERSION = YES;
				CLANG_WARN_OBJC_IMPLICIT_RETAIN_SELF = YES;
				CLANG_WARN_OBJC_LITERAL_CONVERSION = YES;
				CLANG_WARN_OBJC_ROOT_CLASS = YES_ERROR;
				CLANG_WARN_RANGE_LOOP_ANALYSIS = YES;
				CLANG_WARN_STRICT_PROTOTYPES = YES;
				CLANG_WARN_SUSPICIOUS_MOVE = YES;
				CLANG_WARN_UNGUARDED_AVAILABILITY = YES_AGGRESSIVE;
				CLANG_WARN_UNREACHABLE_CODE = YES;
				CLANG_WARN__DUPLICATE_METHOD_MATCH = YES;
				COPY_PHASE_STRIP = NO;
				DEBUG_INFORMATION_FORMAT = dwarf;
				ENABLE_STRICT_OBJC_MSGSEND = YES;
				ENABLE_TESTABILITY = YES;
				GCC_C_LANGUAGE_STANDARD = gnu11;
				GCC_DYNAMIC_NO_PIC = NO;
				GCC_NO_COMMON_BLOCKS = YES;
				GCC_OPTIMIZATION_LEVEL = 0;
				GCC_PREPROCESSOR_DEFINITIONS = (
					"DEBUG=1",
					"$(inherited)",
				);
				GCC_WARN_64_TO_32_BIT_CONVERSION = YES;
				GCC_WARN_ABOUT_RETURN_TYPE = YES_ERROR;
				GCC_WARN_UNDECLARED_SELECTOR = YES;
				GCC_WARN_UNINITIALIZED_AUTOS = YES_AGGRESSIVE;
				GCC_WARN_UNUSED_FUNCTION = YES;
				GCC_WARN_UNUSED_VARIABLE = YES;
				IPHONEOS_DEPLOYMENT_TARGET = 13.6;
				MTL_ENABLE_DEBUG_INFO = INCLUDE_SOURCE;
				MTL_FAST_MATH = YES;
				ONLY_ACTIVE_ARCH = YES;
				SDKROOT = iphoneos;
				SWIFT_ACTIVE_COMPILATION_CONDITIONS = DEBUG;
				SWIFT_OPTIMIZATION_LEVEL = "-Onone";
			};
			name = Debug;
		};
		D5F903642501F3B00090BAE4 /* Release */ = {
			isa = XCBuildConfiguration;
			buildSettings = {
				ALWAYS_SEARCH_USER_PATHS = NO;
				CLANG_ANALYZER_NONNULL = YES;
				CLANG_ANALYZER_NUMBER_OBJECT_CONVERSION = YES_AGGRESSIVE;
				CLANG_CXX_LANGUAGE_STANDARD = "gnu++14";
				CLANG_CXX_LIBRARY = "libc++";
				CLANG_ENABLE_MODULES = YES;
				CLANG_ENABLE_OBJC_ARC = YES;
				CLANG_ENABLE_OBJC_WEAK = YES;
				CLANG_WARN_BLOCK_CAPTURE_AUTORELEASING = YES;
				CLANG_WARN_BOOL_CONVERSION = YES;
				CLANG_WARN_COMMA = YES;
				CLANG_WARN_CONSTANT_CONVERSION = YES;
				CLANG_WARN_DEPRECATED_OBJC_IMPLEMENTATIONS = YES;
				CLANG_WARN_DIRECT_OBJC_ISA_USAGE = YES_ERROR;
				CLANG_WARN_DOCUMENTATION_COMMENTS = YES;
				CLANG_WARN_EMPTY_BODY = YES;
				CLANG_WARN_ENUM_CONVERSION = YES;
				CLANG_WARN_INFINITE_RECURSION = YES;
				CLANG_WARN_INT_CONVERSION = YES;
				CLANG_WARN_NON_LITERAL_NULL_CONVERSION = YES;
				CLANG_WARN_OBJC_IMPLICIT_RETAIN_SELF = YES;
				CLANG_WARN_OBJC_LITERAL_CONVERSION = YES;
				CLANG_WARN_OBJC_ROOT_CLASS = YES_ERROR;
				CLANG_WARN_RANGE_LOOP_ANALYSIS = YES;
				CLANG_WARN_STRICT_PROTOTYPES = YES;
				CLANG_WARN_SUSPICIOUS_MOVE = YES;
				CLANG_WARN_UNGUARDED_AVAILABILITY = YES_AGGRESSIVE;
				CLANG_WARN_UNREACHABLE_CODE = YES;
				CLANG_WARN__DUPLICATE_METHOD_MATCH = YES;
				COPY_PHASE_STRIP = NO;
				DEBUG_INFORMATION_FORMAT = "dwarf-with-dsym";
				ENABLE_NS_ASSERTIONS = NO;
				ENABLE_STRICT_OBJC_MSGSEND = YES;
				GCC_C_LANGUAGE_STANDARD = gnu11;
				GCC_NO_COMMON_BLOCKS = YES;
				GCC_WARN_64_TO_32_BIT_CONVERSION = YES;
				GCC_WARN_ABOUT_RETURN_TYPE = YES_ERROR;
				GCC_WARN_UNDECLARED_SELECTOR = YES;
				GCC_WARN_UNINITIALIZED_AUTOS = YES_AGGRESSIVE;
				GCC_WARN_UNUSED_FUNCTION = YES;
				GCC_WARN_UNUSED_VARIABLE = YES;
				IPHONEOS_DEPLOYMENT_TARGET = 13.6;
				MTL_ENABLE_DEBUG_INFO = NO;
				MTL_FAST_MATH = YES;
				SDKROOT = iphoneos;
				SWIFT_COMPILATION_MODE = wholemodule;
				SWIFT_OPTIMIZATION_LEVEL = "-O";
				VALIDATE_PRODUCT = YES;
			};
			name = Release;
		};
		D5F903662501F3B00090BAE4 /* Debug */ = {
			isa = XCBuildConfiguration;
			buildSettings = {
				ASSETCATALOG_COMPILER_APPICON_NAME = AppIcon;
				CODE_SIGN_STYLE = Automatic;
				INFOPLIST_FILE = PasswordHacker/Info.plist;
				LD_RUNPATH_SEARCH_PATHS = (
					"$(inherited)",
					"@executable_path/Frameworks",
				);
				PRODUCT_BUNDLE_IDENTIFIER = "Shinya-Inomata.PasswordHacker";
				PRODUCT_NAME = "$(TARGET_NAME)";
				SWIFT_VERSION = 5.0;
				TARGETED_DEVICE_FAMILY = "1,2";
			};
			name = Debug;
		};
		D5F903672501F3B00090BAE4 /* Release */ = {
			isa = XCBuildConfiguration;
			buildSettings = {
				ASSETCATALOG_COMPILER_APPICON_NAME = AppIcon;
				CODE_SIGN_STYLE = Automatic;
				INFOPLIST_FILE = PasswordHacker/Info.plist;
				LD_RUNPATH_SEARCH_PATHS = (
					"$(inherited)",
					"@executable_path/Frameworks",
				);
				PRODUCT_BUNDLE_IDENTIFIER = "Shinya-Inomata.PasswordHacker";
				PRODUCT_NAME = "$(TARGET_NAME)";
				SWIFT_VERSION = 5.0;
				TARGETED_DEVICE_FAMILY = "1,2";
			};
			name = Release;
		};
		D5F903692501F3B00090BAE4 /* Debug */ = {
			isa = XCBuildConfiguration;
			buildSettings = {
				ALWAYS_EMBED_SWIFT_STANDARD_LIBRARIES = YES;
				BUNDLE_LOADER = "$(TEST_HOST)";
				CODE_SIGN_STYLE = Automatic;
				INFOPLIST_FILE = PasswordHackerTests/Info.plist;
				IPHONEOS_DEPLOYMENT_TARGET = 13.6;
				LD_RUNPATH_SEARCH_PATHS = (
					"$(inherited)",
					"@executable_path/Frameworks",
					"@loader_path/Frameworks",
				);
				PRODUCT_BUNDLE_IDENTIFIER = "Shinya-Inomata.PasswordHackerTests";
				PRODUCT_NAME = "$(TARGET_NAME)";
				SWIFT_VERSION = 5.0;
				TARGETED_DEVICE_FAMILY = "1,2";
				TEST_HOST = "$(BUILT_PRODUCTS_DIR)/PasswordHacker.app/PasswordHacker";
			};
			name = Debug;
		};
		D5F9036A2501F3B00090BAE4 /* Release */ = {
			isa = XCBuildConfiguration;
			buildSettings = {
				ALWAYS_EMBED_SWIFT_STANDARD_LIBRARIES = YES;
				BUNDLE_LOADER = "$(TEST_HOST)";
				CODE_SIGN_STYLE = Automatic;
				INFOPLIST_FILE = PasswordHackerTests/Info.plist;
				IPHONEOS_DEPLOYMENT_TARGET = 13.6;
				LD_RUNPATH_SEARCH_PATHS = (
					"$(inherited)",
					"@executable_path/Frameworks",
					"@loader_path/Frameworks",
				);
				PRODUCT_BUNDLE_IDENTIFIER = "Shinya-Inomata.PasswordHackerTests";
				PRODUCT_NAME = "$(TARGET_NAME)";
				SWIFT_VERSION = 5.0;
				TARGETED_DEVICE_FAMILY = "1,2";
				TEST_HOST = "$(BUILT_PRODUCTS_DIR)/PasswordHacker.app/PasswordHacker";
			};
			name = Release;
		};
		D5F9036C2501F3B10090BAE4 /* Debug */ = {
			isa = XCBuildConfiguration;
			buildSettings = {
				ALWAYS_EMBED_SWIFT_STANDARD_LIBRARIES = YES;
				CODE_SIGN_STYLE = Automatic;
				INFOPLIST_FILE = PasswordHackerUITests/Info.plist;
				LD_RUNPATH_SEARCH_PATHS = (
					"$(inherited)",
					"@executable_path/Frameworks",
					"@loader_path/Frameworks",
				);
				PRODUCT_BUNDLE_IDENTIFIER = "Shinya-Inomata.PasswordHackerUITests";
				PRODUCT_NAME = "$(TARGET_NAME)";
				SWIFT_VERSION = 5.0;
				TARGETED_DEVICE_FAMILY = "1,2";
				TEST_TARGET_NAME = PasswordHacker;
			};
			name = Debug;
		};
		D5F9036D2501F3B10090BAE4 /* Release */ = {
			isa = XCBuildConfiguration;
			buildSettings = {
				ALWAYS_EMBED_SWIFT_STANDARD_LIBRARIES = YES;
				CODE_SIGN_STYLE = Automatic;
				INFOPLIST_FILE = PasswordHackerUITests/Info.plist;
				LD_RUNPATH_SEARCH_PATHS = (
					"$(inherited)",
					"@executable_path/Frameworks",
					"@loader_path/Frameworks",
				);
				PRODUCT_BUNDLE_IDENTIFIER = "Shinya-Inomata.PasswordHackerUITests";
				PRODUCT_NAME = "$(TARGET_NAME)";
				SWIFT_VERSION = 5.0;
				TARGETED_DEVICE_FAMILY = "1,2";
				TEST_TARGET_NAME = PasswordHacker;
			};
			name = Release;
		};
/* End XCBuildConfiguration section */

/* Begin XCConfigurationList section */
		D5F903362501F3AD0090BAE4 /* Build configuration list for PBXProject "PasswordHacker" */ = {
			isa = XCConfigurationList;
			buildConfigurations = (
				D5F903632501F3B00090BAE4 /* Debug */,
				D5F903642501F3B00090BAE4 /* Release */,
			);
			defaultConfigurationIsVisible = 0;
			defaultConfigurationName = Release;
		};
		D5F903652501F3B00090BAE4 /* Build configuration list for PBXNativeTarget "PasswordHacker" */ = {
			isa = XCConfigurationList;
			buildConfigurations = (
				D5F903662501F3B00090BAE4 /* Debug */,
				D5F903672501F3B00090BAE4 /* Release */,
			);
			defaultConfigurationIsVisible = 0;
			defaultConfigurationName = Release;
		};
		D5F903682501F3B00090BAE4 /* Build configuration list for PBXNativeTarget "PasswordHackerTests" */ = {
			isa = XCConfigurationList;
			buildConfigurations = (
				D5F903692501F3B00090BAE4 /* Debug */,
				D5F9036A2501F3B00090BAE4 /* Release */,
			);
			defaultConfigurationIsVisible = 0;
			defaultConfigurationName = Release;
		};
		D5F9036B2501F3B10090BAE4 /* Build configuration list for PBXNativeTarget "PasswordHackerUITests" */ = {
			isa = XCConfigurationList;
			buildConfigurations = (
				D5F9036C2501F3B10090BAE4 /* Debug */,
				D5F9036D2501F3B10090BAE4 /* Release */,
			);
			defaultConfigurationIsVisible = 0;
			defaultConfigurationName = Release;
		};
/* End XCConfigurationList section */
	};
	rootObject = D5F903332501F3AD0090BAE4 /* Project object */;
}
